// !$*UTF8*$!
{
	archiveVersion = 1;
	classes = {
	};
	objectVersion = 56;
	objects = {

/* Begin PBXBuildFile section */
		04A3F2352ED62EA8009B95D8 /* HikingSurveyApp.swift in Sources */ = {isa = PBXBuildFile; fileRef = 04A3F2342ED62EA8009B95D8 /* HikingSurveyApp.swift */; };
		04A3F2372ED62EA8009B95D8 /* ContentView.swift in Sources */ = {isa = PBXBuildFile; fileRef = 04A3F2362ED62EA8009B95D8 /* ContentView.swift */; };
		04A3F2392ED62EA9009B95D8 /* Assets.xcassets in Resources */ = {isa = PBXBuildFile; fileRef = 04A3F2382ED62EA9009B95D8 /* Assets.xcassets */; };
		04A3F23C2ED62EA9009B95D8 /* Preview Assets.xcassets in Resources */ = {isa = PBXBuildFile; fileRef = 04A3F23B2ED62EA9009B95D8 /* Preview Assets.xcassets */; };
		04A3F2462ED62EAA009B95D8 /* HikingSurveyTests.swift in Sources */ = {isa = PBXBuildFile; fileRef = 04A3F2452ED62EAA009B95D8 /* HikingSurveyTests.swift */; };
		04A3F2502ED62EAA009B95D8 /* HikingSurveyUITests.swift in Sources */ = {isa = PBXBuildFile; fileRef = 04A3F24F2ED62EAA009B95D8 /* HikingSurveyUITests.swift */; };
		04A3F2522ED62EAA009B95D8 /* HikingSurveyUITestsLaunchTests.swift in Sources */ = {isa = PBXBuildFile; fileRef = 04A3F2512ED62EAA009B95D8 /* HikingSurveyUITestsLaunchTests.swift */; };
/* End PBXBuildFile section */

/* Begin PBXContainerItemProxy section */
		04A3F2422ED62EAA009B95D8 /* PBXContainerItemProxy */ = {
			isa = PBXContainerItemProxy;
			containerPortal = 04A3F2292ED62EA8009B95D8 /* Project object */;
			proxyType = 1;
			remoteGlobalIDString = 04A3F2302ED62EA8009B95D8;
			remoteInfo = HikingSurvey;
		};
		04A3F24C2ED62EAA009B95D8 /* PBXContainerItemProxy */ = {
			isa = PBXContainerItemProxy;
			containerPortal = 04A3F2292ED62EA8009B95D8 /* Project object */;
			proxyType = 1;
			remoteGlobalIDString = 04A3F2302ED62EA8009B95D8;
			remoteInfo = HikingSurvey;
		};
/* End PBXContainerItemProxy section */

/* Begin PBXFileReference section */
		04A3F2312ED62EA8009B95D8 /* HikingSurvey.app */ = {isa = PBXFileReference; explicitFileType = wrapper.application; includeInIndex = 0; path = HikingSurvey.app; sourceTree = BUILT_PRODUCTS_DIR; };
		04A3F2342ED62EA8009B95D8 /* HikingSurveyApp.swift */ = {isa = PBXFileReference; lastKnownFileType = sourcecode.swift; path = HikingSurveyApp.swift; sourceTree = "<group>"; };
		04A3F2362ED62EA8009B95D8 /* ContentView.swift */ = {isa = PBXFileReference; lastKnownFileType = sourcecode.swift; path = ContentView.swift; sourceTree = "<group>"; };
		04A3F2382ED62EA9009B95D8 /* Assets.xcassets */ = {isa = PBXFileReference; lastKnownFileType = folder.assetcatalog; path = Assets.xcassets; sourceTree = "<group>"; };
		04A3F23B2ED62EA9009B95D8 /* Preview Assets.xcassets */ = {isa = PBXFileReference; lastKnownFileType = folder.assetcatalog; path = "Preview Assets.xcassets"; sourceTree = "<group>"; };
		04A3F2412ED62EAA009B95D8 /* HikingSurveyTests.xctest */ = {isa = PBXFileReference; explicitFileType = wrapper.cfbundle; includeInIndex = 0; path = HikingSurveyTests.xctest; sourceTree = BUILT_PRODUCTS_DIR; };
		04A3F2452ED62EAA009B95D8 /* HikingSurveyTests.swift */ = {isa = PBXFileReference; lastKnownFileType = sourcecode.swift; path = HikingSurveyTests.swift; sourceTree = "<group>"; };
		04A3F24B2ED62EAA009B95D8 /* HikingSurveyUITests.xctest */ = {isa = PBXFileReference; explicitFileType = wrapper.cfbundle; includeInIndex = 0; path = HikingSurveyUITests.xctest; sourceTree = BUILT_PRODUCTS_DIR; };
		04A3F24F2ED62EAA009B95D8 /* HikingSurveyUITests.swift */ = {isa = PBXFileReference; lastKnownFileType = sourcecode.swift; path = HikingSurveyUITests.swift; sourceTree = "<group>"; };
		04A3F2512ED62EAA009B95D8 /* HikingSurveyUITestsLaunchTests.swift */ = {isa = PBXFileReference; lastKnownFileType = sourcecode.swift; path = HikingSurveyUITestsLaunchTests.swift; sourceTree = "<group>"; };
/* End PBXFileReference section */

/* Begin PBXFrameworksBuildPhase section */
		04A3F22E2ED62EA8009B95D8 /* Frameworks */ = {
			isa = PBXFrameworksBuildPhase;
			buildActionMask = 2147483647;
			files = (
			);
			runOnlyForDeploymentPostprocessing = 0;
		};
		04A3F23E2ED62EAA009B95D8 /* Frameworks */ = {
			isa = PBXFrameworksBuildPhase;
			buildActionMask = 2147483647;
			files = (
			);
			runOnlyForDeploymentPostprocessing = 0;
		};
		04A3F2482ED62EAA009B95D8 /* Frameworks */ = {
			isa = PBXFrameworksBuildPhase;
			buildActionMask = 2147483647;
			files = (
			);
			runOnlyForDeploymentPostprocessing = 0;
		};
/* End PBXFrameworksBuildPhase section */

/* Begin PBXGroup section */
		04A3F2282ED62EA8009B95D8 = {
			isa = PBXGroup;
			children = (
				04A3F2332ED62EA8009B95D8 /* HikingSurvey */,
				04A3F2442ED62EAA009B95D8 /* HikingSurveyTests */,
				04A3F24E2ED62EAA009B95D8 /* HikingSurveyUITests */,
				04A3F2322ED62EA8009B95D8 /* Products */,
			);
			sourceTree = "<group>";
		};
		04A3F2322ED62EA8009B95D8 /* Products */ = {
			isa = PBXGroup;
			children = (
				04A3F2312ED62EA8009B95D8 /* HikingSurvey.app */,
				04A3F2412ED62EAA009B95D8 /* HikingSurveyTests.xctest */,
				04A3F24B2ED62EAA009B95D8 /* HikingSurveyUITests.xctest */,
			);
			name = Products;
			sourceTree = "<group>";
		};
		04A3F2332ED62EA8009B95D8 /* HikingSurvey */ = {
			isa = PBXGroup;
			children = (
				04A3F2342ED62EA8009B95D8 /* HikingSurveyApp.swift */,
				04A3F2362ED62EA8009B95D8 /* ContentView.swift */,
				04A3F2382ED62EA9009B95D8 /* Assets.xcassets */,
				04A3F23A2ED62EA9009B95D8 /* Preview Content */,
			);
			path = HikingSurvey;
			sourceTree = "<group>";
		};
		04A3F23A2ED62EA9009B95D8 /* Preview Content */ = {
			isa = PBXGroup;
			children = (
				04A3F23B2ED62EA9009B95D8 /* Preview Assets.xcassets */,
			);
			path = "Preview Content";
			sourceTree = "<group>";
		};
		04A3F2442ED62EAA009B95D8 /* HikingSurveyTests */ = {
			isa = PBXGroup;
			children = (
				04A3F2452ED62EAA009B95D8 /* HikingSurveyTests.swift */,
			);
			path = HikingSurveyTests;
			sourceTree = "<group>";
		};
		04A3F24E2ED62EAA009B95D8 /* HikingSurveyUITests */ = {
			isa = PBXGroup;
			children = (
				04A3F24F2ED62EAA009B95D8 /* HikingSurveyUITests.swift */,
				04A3F2512ED62EAA009B95D8 /* HikingSurveyUITestsLaunchTests.swift */,
			);
			path = HikingSurveyUITests;
			sourceTree = "<group>";
		};
/* End PBXGroup section */

/* Begin PBXNativeTarget section */
		04A3F2302ED62EA8009B95D8 /* HikingSurvey */ = {
			isa = PBXNativeTarget;
			buildConfigurationList = 04A3F2552ED62EAA009B95D8 /* Build configuration list for PBXNativeTarget "HikingSurvey" */;
			buildPhases = (
				04A3F22D2ED62EA8009B95D8 /* Sources */,
				04A3F22E2ED62EA8009B95D8 /* Frameworks */,
				04A3F22F2ED62EA8009B95D8 /* Resources */,
			);
			buildRules = (
			);
			dependencies = (
			);
			name = HikingSurvey;
			productName = HikingSurvey;
			productReference = 04A3F2312ED62EA8009B95D8 /* HikingSurvey.app */;
			productType = "com.apple.product-type.application";
		};
		04A3F2402ED62EAA009B95D8 /* HikingSurveyTests */ = {
			isa = PBXNativeTarget;
			buildConfigurationList = 04A3F2582ED62EAA009B95D8 /* Build configuration list for PBXNativeTarget "HikingSurveyTests" */;
			buildPhases = (
				04A3F23D2ED62EAA009B95D8 /* Sources */,
				04A3F23E2ED62EAA009B95D8 /* Frameworks */,
				04A3F23F2ED62EAA009B95D8 /* Resources */,
			);
			buildRules = (
			);
			dependencies = (
				04A3F2432ED62EAA009B95D8 /* PBXTargetDependency */,
			);
			name = HikingSurveyTests;
			productName = HikingSurveyTests;
			productReference = 04A3F2412ED62EAA009B95D8 /* HikingSurveyTests.xctest */;
			productType = "com.apple.product-type.bundle.unit-test";
		};
		04A3F24A2ED62EAA009B95D8 /* HikingSurveyUITests */ = {
			isa = PBXNativeTarget;
			buildConfigurationList = 04A3F25B2ED62EAA009B95D8 /* Build configuration list for PBXNativeTarget "HikingSurveyUITests" */;
			buildPhases = (
				04A3F2472ED62EAA009B95D8 /* Sources */,
				04A3F2482ED62EAA009B95D8 /* Frameworks */,
				04A3F2492ED62EAA009B95D8 /* Resources */,
			);
			buildRules = (
			);
			dependencies = (
				04A3F24D2ED62EAA009B95D8 /* PBXTargetDependency */,
			);
			name = HikingSurveyUITests;
			productName = HikingSurveyUITests;
			productReference = 04A3F24B2ED62EAA009B95D8 /* HikingSurveyUITests.xctest */;
			productType = "com.apple.product-type.bundle.ui-testing";
		};
/* End PBXNativeTarget section */

/* Begin PBXProject section */
		04A3F2292ED62EA8009B95D8 /* Project object */ = {
			isa = PBXProject;
			attributes = {
				BuildIndependentTargetsInParallel = 1;
				LastSwiftUpdateCheck = 1500;
				LastUpgradeCheck = 1500;
				TargetAttributes = {
					04A3F2302ED62EA8009B95D8 = {
						CreatedOnToolsVersion = 15.0.1;
					};
					04A3F2402ED62EAA009B95D8 = {
						CreatedOnToolsVersion = 15.0.1;
						TestTargetID = 04A3F2302ED62EA8009B95D8;
					};
					04A3F24A2ED62EAA009B95D8 = {
						CreatedOnToolsVersion = 15.0.1;
						TestTargetID = 04A3F2302ED62EA8009B95D8;
					};
				};
			};
			buildConfigurationList = 04A3F22C2ED62EA8009B95D8 /* Build configuration list for PBXProject "HikingSurvey" */;
			compatibilityVersion = "Xcode 14.0";
			developmentRegion = en;
			hasScannedForEncodings = 0;
			knownRegions = (
				en,
				Base,
			);
			mainGroup = 04A3F2282ED62EA8009B95D8;
			productRefGroup = 04A3F2322ED62EA8009B95D8 /* Products */;
			projectDirPath = "";
			projectRoot = "";
			targets = (
				04A3F2302ED62EA8009B95D8 /* HikingSurvey */,
				04A3F2402ED62EAA009B95D8 /* HikingSurveyTests */,
				04A3F24A2ED62EAA009B95D8 /* HikingSurveyUITests */,
			);
		};
/* End PBXProject section */

/* Begin PBXResourcesBuildPhase section */
		04A3F22F2ED62EA8009B95D8 /* Resources */ = {
			isa = PBXResourcesBuildPhase;
			buildActionMask = 2147483647;
			files = (
				04A3F23C2ED62EA9009B95D8 /* Preview Assets.xcassets in Resources */,
				04A3F2392ED62EA9009B95D8 /* Assets.xcassets in Resources */,
			);
			runOnlyForDeploymentPostprocessing = 0;
		};
		04A3F23F2ED62EAA009B95D8 /* Resources */ = {
			isa = PBXResourcesBuildPhase;
			buildActionMask = 2147483647;
			files = (
			);
			runOnlyForDeploymentPostprocessing = 0;
		};
		04A3F2492ED62EAA009B95D8 /* Resources */ = {
			isa = PBXResourcesBuildPhase;
			buildActionMask = 2147483647;
			files = (
			);
			runOnlyForDeploymentPostprocessing = 0;
		};
/* End PBXResourcesBuildPhase section */

/* Begin PBXSourcesBuildPhase section */
		04A3F22D2ED62EA8009B95D8 /* Sources */ = {
			isa = PBXSourcesBuildPhase;
			buildActionMask = 2147483647;
			files = (
				04A3F2372ED62EA8009B95D8 /* ContentView.swift in Sources */,
				04A3F2352ED62EA8009B95D8 /* HikingSurveyApp.swift in Sources */,
			);
			runOnlyForDeploymentPostprocessing = 0;
		};
		04A3F23D2ED62EAA009B95D8 /* Sources */ = {
			isa = PBXSourcesBuildPhase;
			buildActionMask = 2147483647;
			files = (
				04A3F2462ED62EAA009B95D8 /* HikingSurveyTests.swift in Sources */,
			);
			runOnlyForDeploymentPostprocessing = 0;
		};
		04A3F2472ED62EAA009B95D8 /* Sources */ = {
			isa = PBXSourcesBuildPhase;
			buildActionMask = 2147483647;
			files = (
				04A3F2522ED62EAA009B95D8 /* HikingSurveyUITestsLaunchTests.swift in Sources */,
				04A3F2502ED62EAA009B95D8 /* HikingSurveyUITests.swift in Sources */,
			);
			runOnlyForDeploymentPostprocessing = 0;
		};
/* End PBXSourcesBuildPhase section */

/* Begin PBXTargetDependency section */
		04A3F2432ED62EAA009B95D8 /* PBXTargetDependency */ = {
			isa = PBXTargetDependency;
			target = 04A3F2302ED62EA8009B95D8 /* HikingSurvey */;
			targetProxy = 04A3F2422ED62EAA009B95D8 /* PBXContainerItemProxy */;
		};
		04A3F24D2ED62EAA009B95D8 /* PBXTargetDependency */ = {
			isa = PBXTargetDependency;
			target = 04A3F2302ED62EA8009B95D8 /* HikingSurvey */;
			targetProxy = 04A3F24C2ED62EAA009B95D8 /* PBXContainerItemProxy */;
		};
/* End PBXTargetDependency section */

/* Begin XCBuildConfiguration section */
		04A3F2532ED62EAA009B95D8 /* Debug */ = {
			isa = XCBuildConfiguration;
			buildSettings = {
				ALWAYS_SEARCH_USER_PATHS = NO;
				ASSETCATALOG_COMPILER_GENERATE_SWIFT_ASSET_SYMBOL_EXTENSIONS = YES;
				CLANG_ANALYZER_NONNULL = YES;
				CLANG_ANALYZER_NUMBER_OBJECT_CONVERSION = YES_AGGRESSIVE;
				CLANG_CXX_LANGUAGE_STANDARD = "gnu++20";
				CLANG_ENABLE_MODULES = YES;
				CLANG_ENABLE_OBJC_ARC = YES;
				CLANG_ENABLE_OBJC_WEAK = YES;
				CLANG_WARN_BLOCK_CAPTURE_AUTORELEASING = YES;
				CLANG_WARN_BOOL_CONVERSION = YES;
				CLANG_WARN_COMMA = YES;
				CLANG_WARN_CONSTANT_CONVERSION = YES;
				CLANG_WARN_DEPRECATED_OBJC_IMPLEMENTATIONS = YES;
				CLANG_WARN_DIRECT_OBJC_ISA_USAGE = YES_ERROR;
				CLANG_WARN_DOCUMENTATION_COMMENTS = YES;
				CLANG_WARN_EMPTY_BODY = YES;
				CLANG_WARN_ENUM_CONVERSION = YES;
				CLANG_WARN_INFINITE_RECURSION = YES;
				CLANG_WARN_INT_CONVERSION = YES;
				CLANG_WARN_NON_LITERAL_NULL_CONVERSION = YES;
				CLANG_WARN_OBJC_IMPLICIT_RETAIN_SELF = YES;
				CLANG_WARN_OBJC_LITERAL_CONVERSION = YES;
				CLANG_WARN_OBJC_ROOT_CLASS = YES_ERROR;
				CLANG_WARN_QUOTED_INCLUDE_IN_FRAMEWORK_HEADER = YES;
				CLANG_WARN_RANGE_LOOP_ANALYSIS = YES;
				CLANG_WARN_STRICT_PROTOTYPES = YES;
				CLANG_WARN_SUSPICIOUS_MOVE = YES;
				CLANG_WARN_UNGUARDED_AVAILABILITY = YES_AGGRESSIVE;
				CLANG_WARN_UNREACHABLE_CODE = YES;
				CLANG_WARN__DUPLICATE_METHOD_MATCH = YES;
				COPY_PHASE_STRIP = NO;
				DEBUG_INFORMATION_FORMAT = dwarf;
				ENABLE_STRICT_OBJC_MSGSEND = YES;
				ENABLE_TESTABILITY = YES;
				ENABLE_USER_SCRIPT_SANDBOXING = YES;
				GCC_C_LANGUAGE_STANDARD = gnu17;
				GCC_DYNAMIC_NO_PIC = NO;
				GCC_NO_COMMON_BLOCKS = YES;
				GCC_OPTIMIZATION_LEVEL = 0;
				GCC_PREPROCESSOR_DEFINITIONS = (
					"DEBUG=1",
					"$(inherited)",
				);
				GCC_WARN_64_TO_32_BIT_CONVERSION = YES;
				GCC_WARN_ABOUT_RETURN_TYPE = YES_ERROR;
				GCC_WARN_UNDECLARED_SELECTOR = YES;
				GCC_WARN_UNINITIALIZED_AUTOS = YES_AGGRESSIVE;
				GCC_WARN_UNUSED_FUNCTION = YES;
				GCC_WARN_UNUSED_VARIABLE = YES;
				IPHONEOS_DEPLOYMENT_TARGET = 17.0;
				LOCALIZATION_PREFERS_STRING_CATALOGS = YES;
				MTL_ENABLE_DEBUG_INFO = INCLUDE_SOURCE;
				MTL_FAST_MATH = YES;
				ONLY_ACTIVE_ARCH = YES;
				SDKROOT = iphoneos;
				SWIFT_ACTIVE_COMPILATION_CONDITIONS = "DEBUG $(inherited)";
				SWIFT_OPTIMIZATION_LEVEL = "-Onone";
			};
			name = Debug;
		};
		04A3F2542ED62EAA009B95D8 /* Release */ = {
			isa = XCBuildConfiguration;
			buildSettings = {
				ALWAYS_SEARCH_USER_PATHS = NO;
				ASSETCATALOG_COMPILER_GENERATE_SWIFT_ASSET_SYMBOL_EXTENSIONS = YES;
				CLANG_ANALYZER_NONNULL = YES;
				CLANG_ANALYZER_NUMBER_OBJECT_CONVERSION = YES_AGGRESSIVE;
				CLANG_CXX_LANGUAGE_STANDARD = "gnu++20";
				CLANG_ENABLE_MODULES = YES;
				CLANG_ENABLE_OBJC_ARC = YES;
				CLANG_ENABLE_OBJC_WEAK = YES;
				CLANG_WARN_BLOCK_CAPTURE_AUTORELEASING = YES;
				CLANG_WARN_BOOL_CONVERSION = YES;
				CLANG_WARN_COMMA = YES;
				CLANG_WARN_CONSTANT_CONVERSION = YES;
				CLANG_WARN_DEPRECATED_OBJC_IMPLEMENTATIONS = YES;
				CLANG_WARN_DIRECT_OBJC_ISA_USAGE = YES_ERROR;
				CLANG_WARN_DOCUMENTATION_COMMENTS = YES;
				CLANG_WARN_EMPTY_BODY = YES;
				CLANG_WARN_ENUM_CONVERSION = YES;
				CLANG_WARN_INFINITE_RECURSION = YES;
				CLANG_WARN_INT_CONVERSION = YES;
				CLANG_WARN_NON_LITERAL_NULL_CONVERSION = YES;
				CLANG_WARN_OBJC_IMPLICIT_RETAIN_SELF = YES;
				CLANG_WARN_OBJC_LITERAL_CONVERSION = YES;
				CLANG_WARN_OBJC_ROOT_CLASS = YES_ERROR;
				CLANG_WARN_QUOTED_INCLUDE_IN_FRAMEWORK_HEADER = YES;
				CLANG_WARN_RANGE_LOOP_ANALYSIS = YES;
				CLANG_WARN_STRICT_PROTOTYPES = YES;
				CLANG_WARN_SUSPICIOUS_MOVE = YES;
				CLANG_WARN_UNGUARDED_AVAILABILITY = YES_AGGRESSIVE;
				CLANG_WARN_UNREACHABLE_CODE = YES;
				CLANG_WARN__DUPLICATE_METHOD_MATCH = YES;
				COPY_PHASE_STRIP = NO;
				DEBUG_INFORMATION_FORMAT = "dwarf-with-dsym";
				ENABLE_NS_ASSERTIONS = NO;
				ENABLE_STRICT_OBJC_MSGSEND = YES;
				ENABLE_USER_SCRIPT_SANDBOXING = YES;
				GCC_C_LANGUAGE_STANDARD = gnu17;
				GCC_NO_COMMON_BLOCKS = YES;
				GCC_WARN_64_TO_32_BIT_CONVERSION = YES;
				GCC_WARN_ABOUT_RETURN_TYPE = YES_ERROR;
				GCC_WARN_UNDECLARED_SELECTOR = YES;
				GCC_WARN_UNINITIALIZED_AUTOS = YES_AGGRESSIVE;
				GCC_WARN_UNUSED_FUNCTION = YES;
				GCC_WARN_UNUSED_VARIABLE = YES;
				IPHONEOS_DEPLOYMENT_TARGET = 17.0;
				LOCALIZATION_PREFERS_STRING_CATALOGS = YES;
				MTL_ENABLE_DEBUG_INFO = NO;
				MTL_FAST_MATH = YES;
				SDKROOT = iphoneos;
				SWIFT_COMPILATION_MODE = wholemodule;
				VALIDATE_PRODUCT = YES;
			};
			name = Release;
		};
		04A3F2562ED62EAA009B95D8 /* Debug */ = {
			isa = XCBuildConfiguration;
			buildSettings = {
				ASSETCATALOG_COMPILER_APPICON_NAME = AppIcon;
				ASSETCATALOG_COMPILER_GLOBAL_ACCENT_COLOR_NAME = AccentColor;
				CODE_SIGN_STYLE = Automatic;
				CURRENT_PROJECT_VERSION = 1;
				DEVELOPMENT_ASSET_PATHS = "\"HikingSurvey/Preview Content\"";
				ENABLE_PREVIEWS = YES;
				GENERATE_INFOPLIST_FILE = YES;
				INFOPLIST_KEY_UIApplicationSceneManifest_Generation = YES;
				INFOPLIST_KEY_UIApplicationSupportsIndirectInputEvents = YES;
				INFOPLIST_KEY_UILaunchScreen_Generation = YES;
				INFOPLIST_KEY_UISupportedInterfaceOrientations_iPad = "UIInterfaceOrientationPortrait UIInterfaceOrientationPortraitUpsideDown UIInterfaceOrientationLandscapeLeft UIInterfaceOrientationLandscapeRight";
				INFOPLIST_KEY_UISupportedInterfaceOrientations_iPhone = "UIInterfaceOrientationPortrait UIInterfaceOrientationLandscapeLeft UIInterfaceOrientationLandscapeRight";
				LD_RUNPATH_SEARCH_PATHS = (
					"$(inherited)",
					"@executable_path/Frameworks",
				);
				MARKETING_VERSION = 1.0;
				PRODUCT_BUNDLE_IDENTIFIER = com.HikingSurvey;
				PRODUCT_NAME = "$(TARGET_NAME)";
				SWIFT_EMIT_LOC_STRINGS = YES;
				SWIFT_VERSION = 5.0;
				TARGETED_DEVICE_FAMILY = "1,2";
			};
			name = Debug;
		};
		04A3F2572ED62EAA009B95D8 /* Release */ = {
			isa = XCBuildConfiguration;
			buildSettings = {
				ASSETCATALOG_COMPILER_APPICON_NAME = AppIcon;
				ASSETCATALOG_COMPILER_GLOBAL_ACCENT_COLOR_NAME = AccentColor;
				CODE_SIGN_STYLE = Automatic;
				CURRENT_PROJECT_VERSION = 1;
				DEVELOPMENT_ASSET_PATHS = "\"HikingSurvey/Preview Content\"";
				ENABLE_PREVIEWS = YES;
				GENERATE_INFOPLIST_FILE = YES;
				INFOPLIST_KEY_UIApplicationSceneManifest_Generation = YES;
				INFOPLIST_KEY_UIApplicationSupportsIndirectInputEvents = YES;
				INFOPLIST_KEY_UILaunchScreen_Generation = YES;
				INFOPLIST_KEY_UISupportedInterfaceOrientations_iPad = "UIInterfaceOrientationPortrait UIInterfaceOrientationPortraitUpsideDown UIInterfaceOrientationLandscapeLeft UIInterfaceOrientationLandscapeRight";
				INFOPLIST_KEY_UISupportedInterfaceOrientations_iPhone = "UIInterfaceOrientationPortrait UIInterfaceOrientationLandscapeLeft UIInterfaceOrientationLandscapeRight";
				LD_RUNPATH_SEARCH_PATHS = (
					"$(inherited)",
					"@executable_path/Frameworks",
				);
				MARKETING_VERSION = 1.0;
				PRODUCT_BUNDLE_IDENTIFIER = com.HikingSurvey;
				PRODUCT_NAME = "$(TARGET_NAME)";
				SWIFT_EMIT_LOC_STRINGS = YES;
				SWIFT_VERSION = 5.0;
				TARGETED_DEVICE_FAMILY = "1,2";
			};
			name = Release;
		};
		04A3F2592ED62EAA009B95D8 /* Debug */ = {
			isa = XCBuildConfiguration;
			buildSettings = {
				ALWAYS_EMBED_SWIFT_STANDARD_LIBRARIES = YES;
				BUNDLE_LOADER = "$(TEST_HOST)";
				CODE_SIGN_STYLE = Automatic;
				CURRENT_PROJECT_VERSION = 1;
				GENERATE_INFOPLIST_FILE = YES;
				IPHONEOS_DEPLOYMENT_TARGET = 17.0;
				MARKETING_VERSION = 1.0;
				PRODUCT_BUNDLE_IDENTIFIER = com.HikingSurveyTests;
				PRODUCT_NAME = "$(TARGET_NAME)";
				SWIFT_EMIT_LOC_STRINGS = NO;
				SWIFT_VERSION = 5.0;
				TARGETED_DEVICE_FAMILY = "1,2";
				TEST_HOST = "$(BUILT_PRODUCTS_DIR)/HikingSurvey.app/$(BUNDLE_EXECUTABLE_FOLDER_PATH)/HikingSurvey";
			};
			name = Debug;
		};
		04A3F25A2ED62EAA009B95D8 /* Release */ = {
			isa = XCBuildConfiguration;
			buildSettings = {
				ALWAYS_EMBED_SWIFT_STANDARD_LIBRARIES = YES;
				BUNDLE_LOADER = "$(TEST_HOST)";
				CODE_SIGN_STYLE = Automatic;
				CURRENT_PROJECT_VERSION = 1;
				GENERATE_INFOPLIST_FILE = YES;
				IPHONEOS_DEPLOYMENT_TARGET = 17.0;
				MARKETING_VERSION = 1.0;
				PRODUCT_BUNDLE_IDENTIFIER = com.HikingSurveyTests;
				PRODUCT_NAME = "$(TARGET_NAME)";
				SWIFT_EMIT_LOC_STRINGS = NO;
				SWIFT_VERSION = 5.0;
				TARGETED_DEVICE_FAMILY = "1,2";
				TEST_HOST = "$(BUILT_PRODUCTS_DIR)/HikingSurvey.app/$(BUNDLE_EXECUTABLE_FOLDER_PATH)/HikingSurvey";
			};
			name = Release;
		};
		04A3F25C2ED62EAA009B95D8 /* Debug */ = {
			isa = XCBuildConfiguration;
			buildSettings = {
				ALWAYS_EMBED_SWIFT_STANDARD_LIBRARIES = YES;
				CODE_SIGN_STYLE = Automatic;
				CURRENT_PROJECT_VERSION = 1;
				GENERATE_INFOPLIST_FILE = YES;
				MARKETING_VERSION = 1.0;
				PRODUCT_BUNDLE_IDENTIFIER = com.HikingSurveyUITests;
				PRODUCT_NAME = "$(TARGET_NAME)";
				SWIFT_EMIT_LOC_STRINGS = NO;
				SWIFT_VERSION = 5.0;
				TARGETED_DEVICE_FAMILY = "1,2";
				TEST_TARGET_NAME = HikingSurvey;
			};
			name = Debug;
		};
		04A3F25D2ED62EAA009B95D8 /* Release */ = {
			isa = XCBuildConfiguration;
			buildSettings = {
				ALWAYS_EMBED_SWIFT_STANDARD_LIBRARIES = YES;
				CODE_SIGN_STYLE = Automatic;
				CURRENT_PROJECT_VERSION = 1;
				GENERATE_INFOPLIST_FILE = YES;
				MARKETING_VERSION = 1.0;
				PRODUCT_BUNDLE_IDENTIFIER = com.HikingSurveyUITests;
				PRODUCT_NAME = "$(TARGET_NAME)";
				SWIFT_EMIT_LOC_STRINGS = NO;
				SWIFT_VERSION = 5.0;
				TARGETED_DEVICE_FAMILY = "1,2";
				TEST_TARGET_NAME = HikingSurvey;
			};
			name = Release;
		};
/* End XCBuildConfiguration section */

/* Begin XCConfigurationList section */
		04A3F22C2ED62EA8009B95D8 /* Build configuration list for PBXProject "HikingSurvey" */ = {
			isa = XCConfigurationList;
			buildConfigurations = (
				04A3F2532ED62EAA009B95D8 /* Debug */,
				04A3F2542ED62EAA009B95D8 /* Release */,
			);
			defaultConfigurationIsVisible = 0;
			defaultConfigurationName = Release;
		};
		04A3F2552ED62EAA009B95D8 /* Build configuration list for PBXNativeTarget "HikingSurvey" */ = {
			isa = XCConfigurationList;
			buildConfigurations = (
				04A3F2562ED62EAA009B95D8 /* Debug */,
				04A3F2572ED62EAA009B95D8 /* Release */,
			);
			defaultConfigurationIsVisible = 0;
			defaultConfigurationName = Release;
		};
		04A3F2582ED62EAA009B95D8 /* Build configuration list for PBXNativeTarget "HikingSurveyTests" */ = {
			isa = XCConfigurationList;
			buildConfigurations = (
				04A3F2592ED62EAA009B95D8 /* Debug */,
				04A3F25A2ED62EAA009B95D8 /* Release */,
			);
			defaultConfigurationIsVisible = 0;
			defaultConfigurationName = Release;
		};
		04A3F25B2ED62EAA009B95D8 /* Build configuration list for PBXNativeTarget "HikingSurveyUITests" */ = {
			isa = XCConfigurationList;
			buildConfigurations = (
				04A3F25C2ED62EAA009B95D8 /* Debug */,
				04A3F25D2ED62EAA009B95D8 /* Release */,
			);
			defaultConfigurationIsVisible = 0;
			defaultConfigurationName = Release;
		};
/* End XCConfigurationList section */
	};
	rootObject = 04A3F2292ED62EA8009B95D8 /* Project object */;
}
